
Microsoft Visual Studio Solution File, Format Version 12.00
# Visual Studio 15
VisualStudioVersion = 15.0.28307.421
MinimumVisualStudioVersion = 10.0.40219.1
Project("{FAE04EC0-301F-11D3-BF4B-00C04F79EFBC}") = "CorrigeJWMultimedia", "CorrigeJWMultimedia.csproj", "{DFF26E26-5228-44CD-869E-2ACAEA442ECF}"
EndProject
Global
	GlobalSection(SolutionConfigurationPlatforms) = preSolution
		Debug|Any CPU = Debug|Any CPU
		Release|Any CPU = Release|Any CPU
	EndGlobalSection
	GlobalSection(ProjectConfigurationPlatforms) = postSolution
		{DFF26E26-5228-44CD-869E-2ACAEA442ECF}.Debug|Any CPU.ActiveCfg = Debug|Any CPU
		{DFF26E26-5228-44CD-869E-2ACAEA442ECF}.Debug|Any CPU.Build.0 = Debug|Any CPU
		{DFF26E26-5228-44CD-869E-2ACAEA442ECF}.Release|Any CPU.ActiveCfg = Release|Any CPU
		{DFF26E26-5228-44CD-869E-2ACAEA442ECF}.Release|Any CPU.Build.0 = Release|Any CPU
	EndGlobalSection
	GlobalSection(SolutionProperties) = preSolution
		HideSolutionNode = FALSE
	EndGlobalSection
	GlobalSection(ExtensibilityGlobals) = postSolution
		SolutionGuid = {6A317F6C-7E58-49E8-9E90-BB1B5F27B275}
	EndGlobalSection
EndGlobal
